
Microsoft Visual Studio Solution File, Format Version 12.00
# Visual Studio 15
VisualStudioVersion = 15.0.28307.489
MinimumVisualStudioVersion = 10.0.40219.1
Project("{FAE04EC0-301F-11D3-BF4B-00C04F79EFBC}") = "MyExampleGame", "MyExampleGame\MyExampleGame.csproj", "{305CE6A1-04E4-486E-BB57-5E6FDD018BB7}"
EndProject
Project("{FAE04EC0-301F-11D3-BF4B-00C04F79EFBC}") = "Engine", "Engine\Engine.csproj", "{D6DF1D29-805B-47D8-A933-8131C21A2A34}"
EndProject
Project("{FAE04EC0-301F-11D3-BF4B-00C04F79EFBC}") = "GameEditor", "GameEditor\GameEditor.csproj", "{E8396BC0-64D3-4AB2-A194-B277F09FAEC8}"
EndProject
Global
	GlobalSection(SolutionConfigurationPlatforms) = preSolution
		Debug|Any CPU = Debug|Any CPU
		Release|Any CPU = Release|Any CPU
	EndGlobalSection
	GlobalSection(ProjectConfigurationPlatforms) = postSolution
		{305CE6A1-04E4-486E-BB57-5E6FDD018BB7}.Debug|Any CPU.ActiveCfg = Debug|Any CPU
		{305CE6A1-04E4-486E-BB57-5E6FDD018BB7}.Debug|Any CPU.Build.0 = Debug|Any CPU
		{305CE6A1-04E4-486E-BB57-5E6FDD018BB7}.Release|Any CPU.ActiveCfg = Release|Any CPU
		{305CE6A1-04E4-486E-BB57-5E6FDD018BB7}.Release|Any CPU.Build.0 = Release|Any CPU
		{D6DF1D29-805B-47D8-A933-8131C21A2A34}.Debug|Any CPU.ActiveCfg = Debug|Any CPU
		{D6DF1D29-805B-47D8-A933-8131C21A2A34}.Debug|Any CPU.Build.0 = Debug|Any CPU
		{D6DF1D29-805B-47D8-A933-8131C21A2A34}.Release|Any CPU.ActiveCfg = Release|Any CPU
		{D6DF1D29-805B-47D8-A933-8131C21A2A34}.Release|Any CPU.Build.0 = Release|Any CPU
		{E8396BC0-64D3-4AB2-A194-B277F09FAEC8}.Debug|Any CPU.ActiveCfg = Debug|Any CPU
		{E8396BC0-64D3-4AB2-A194-B277F09FAEC8}.Debug|Any CPU.Build.0 = Debug|Any CPU
		{E8396BC0-64D3-4AB2-A194-B277F09FAEC8}.Release|Any CPU.ActiveCfg = Release|Any CPU
		{E8396BC0-64D3-4AB2-A194-B277F09FAEC8}.Release|Any CPU.Build.0 = Release|Any CPU
	EndGlobalSection
	GlobalSection(SolutionProperties) = preSolution
		HideSolutionNode = FALSE
	EndGlobalSection
	GlobalSection(ExtensibilityGlobals) = postSolution
		SolutionGuid = {ECABDAC8-3FEB-44B3-817F-E6F85FAF1720}
	EndGlobalSection
EndGlobal
