
Microsoft Visual Studio Solution File, Format Version 12.00
# Visual Studio Version 16
VisualStudioVersion = 16.0.29123.89
MinimumVisualStudioVersion = 10.0.40219.1
Project("{9A19103F-16F7-4668-BE54-9A1E7A4F7556}") = "MyExampleGame", "MyExampleGame\MyExampleGame.csproj", "{305CE6A1-04E4-486E-BB57-5E6FDD018BB7}"
EndProject
Project("{9A19103F-16F7-4668-BE54-9A1E7A4F7556}") = "Engine", "Engine\Engine.csproj", "{D6DF1D29-805B-47D8-A933-8131C21A2A34}"
EndProject
Global
	GlobalSection(SolutionConfigurationPlatforms) = preSolution
		Debug|Any CPU = Debug|Any CPU
		Release|Any CPU = Release|Any CPU
	EndGlobalSection
	GlobalSection(ProjectConfigurationPlatforms) = postSolution
		{305CE6A1-04E4-486E-BB57-5E6FDD018BB7}.Debug|Any CPU.ActiveCfg = Debug|Any CPU
		{305CE6A1-04E4-486E-BB57-5E6FDD018BB7}.Debug|Any CPU.Build.0 = Debug|Any CPU
		{305CE6A1-04E4-486E-BB57-5E6FDD018BB7}.Release|Any CPU.ActiveCfg = Release|Any CPU
		{305CE6A1-04E4-486E-BB57-5E6FDD018BB7}.Release|Any CPU.Build.0 = Release|Any CPU
		{D6DF1D29-805B-47D8-A933-8131C21A2A34}.Debug|Any CPU.ActiveCfg = Debug|Any CPU
		{D6DF1D29-805B-47D8-A933-8131C21A2A34}.Debug|Any CPU.Build.0 = Debug|Any CPU
		{D6DF1D29-805B-47D8-A933-8131C21A2A34}.Release|Any CPU.ActiveCfg = Release|Any CPU
		{D6DF1D29-805B-47D8-A933-8131C21A2A34}.Release|Any CPU.Build.0 = Release|Any CPU
	EndGlobalSection
	GlobalSection(SolutionProperties) = preSolution
		HideSolutionNode = FALSE
	EndGlobalSection
	GlobalSection(ExtensibilityGlobals) = postSolution
		SolutionGuid = {ECABDAC8-3FEB-44B3-817F-E6F85FAF1720}
	EndGlobalSection
EndGlobal
